
Microsoft Visual Studio Solution File, Format Version 12.00
# Visual Studio Version 17
VisualStudioVersion = 17.5.33414.496
MinimumVisualStudioVersion = 10.0.40219.1
Project("{FAE04EC0-301F-11D3-BF4B-00C04F79EFBC}") = "SupremeEureka.library.Common", "SupremeEureka.library.Common\SupremeEureka.library.Common.csproj", "{F23101FB-78B9-4FA9-A7F6-B633FEC5B1E0}"
EndProject
Global
	GlobalSection(SolutionConfigurationPlatforms) = preSolution
		Debug|Any CPU = Debug|Any CPU
		Release|Any CPU = Release|Any CPU
	EndGlobalSection
	GlobalSection(ProjectConfigurationPlatforms) = postSolution
		{F23101FB-78B9-4FA9-A7F6-B633FEC5B1E0}.Debug|Any CPU.ActiveCfg = Debug|Any CPU
		{F23101FB-78B9-4FA9-A7F6-B633FEC5B1E0}.Debug|Any CPU.Build.0 = Debug|Any CPU
		{F23101FB-78B9-4FA9-A7F6-B633FEC5B1E0}.Release|Any CPU.ActiveCfg = Release|Any CPU
		{F23101FB-78B9-4FA9-A7F6-B633FEC5B1E0}.Release|Any CPU.Build.0 = Release|Any CPU
	EndGlobalSection
	GlobalSection(SolutionProperties) = preSolution
		HideSolutionNode = FALSE
	EndGlobalSection
	GlobalSection(ExtensibilityGlobals) = postSolution
		SolutionGuid = {DE15A028-553B-42CA-B663-558ECB5FE200}
	EndGlobalSection
EndGlobal
